
Microsoft Visual Studio Solution File, Format Version 12.00
# Visual Studio Version 16
VisualStudioVersion = 16.0.29806.167
MinimumVisualStudioVersion = 10.0.40219.1
Project("{FAE04EC0-301F-11D3-BF4B-00C04F79EFBC}") = "PhoneBook_Galkin", "PhoneBook_Galkin.csproj", "{DE34F038-BF2D-4940-ADF8-326561B2584C}"
EndProject
Project("{FAE04EC0-301F-11D3-BF4B-00C04F79EFBC}") = "ClassModulee", "..\ClassModulee\ClassModulee.csproj", "{8CF55487-0FEB-4BC8-B0D0-FBF25F9B11CB}"
EndProject
Project("{FAE04EC0-301F-11D3-BF4B-00C04F79EFBC}") = "ClassConnection", "..\ClassConnection\ClassConnection.csproj", "{A0E79A33-76C3-4766-BDB6-3B7242AFBAFC}"
EndProject
Global
	GlobalSection(SolutionConfigurationPlatforms) = preSolution
		Debug|Any CPU = Debug|Any CPU
		Release|Any CPU = Release|Any CPU
	EndGlobalSection
	GlobalSection(ProjectConfigurationPlatforms) = postSolution
		{DE34F038-BF2D-4940-ADF8-326561B2584C}.Debug|Any CPU.ActiveCfg = Debug|Any CPU
		{DE34F038-BF2D-4940-ADF8-326561B2584C}.Debug|Any CPU.Build.0 = Debug|Any CPU
		{DE34F038-BF2D-4940-ADF8-326561B2584C}.Release|Any CPU.ActiveCfg = Release|Any CPU
		{DE34F038-BF2D-4940-ADF8-326561B2584C}.Release|Any CPU.Build.0 = Release|Any CPU
		{8CF55487-0FEB-4BC8-B0D0-FBF25F9B11CB}.Debug|Any CPU.ActiveCfg = Debug|Any CPU
		{8CF55487-0FEB-4BC8-B0D0-FBF25F9B11CB}.Debug|Any CPU.Build.0 = Debug|Any CPU
		{8CF55487-0FEB-4BC8-B0D0-FBF25F9B11CB}.Release|Any CPU.ActiveCfg = Release|Any CPU
		{8CF55487-0FEB-4BC8-B0D0-FBF25F9B11CB}.Release|Any CPU.Build.0 = Release|Any CPU
		{A0E79A33-76C3-4766-BDB6-3B7242AFBAFC}.Debug|Any CPU.ActiveCfg = Debug|Any CPU
		{A0E79A33-76C3-4766-BDB6-3B7242AFBAFC}.Debug|Any CPU.Build.0 = Debug|Any CPU
		{A0E79A33-76C3-4766-BDB6-3B7242AFBAFC}.Release|Any CPU.ActiveCfg = Release|Any CPU
		{A0E79A33-76C3-4766-BDB6-3B7242AFBAFC}.Release|Any CPU.Build.0 = Release|Any CPU
	EndGlobalSection
	GlobalSection(SolutionProperties) = preSolution
		HideSolutionNode = FALSE
	EndGlobalSection
	GlobalSection(ExtensibilityGlobals) = postSolution
		SolutionGuid = {E9A483B9-6AC3-427F-A70D-7DE3C831E359}
	EndGlobalSection
EndGlobal
